
Microsoft Visual Studio Solution File, Format Version 11.00
# Visual Studio 2010
Project("{FAE04EC0-301F-11D3-BF4B-00C04F79EFBC}") = "ConsoleDemo", "ConsoleDemo\ConsoleDemo.csproj", "{9A83B21E-3BDB-4F7D-A6A1-E92C5F6A5530}"
EndProject
Project("{FAE04EC0-301F-11D3-BF4B-00C04F79EFBC}") = "FieldLogViewer", "FieldLogViewer\FieldLogViewer.csproj", "{1C7994D4-0E71-4EDE-8832-0FDB6FFFF7B7}"
EndProject
Project("{FAE04EC0-301F-11D3-BF4B-00C04F79EFBC}") = "FieldLog.NET20", "FieldLog\FieldLog.NET20.csproj", "{8CDCB4AF-0D15-4E66-88E5-4A853954B661}"
EndProject
Project("{FAE04EC0-301F-11D3-BF4B-00C04F79EFBC}") = "SmoothListTest", "SmoothListTest\SmoothListTest.csproj", "{5CF89D75-00AF-4ECA-BF49-69219330D933}"
EndProject
Project("{FAE04EC0-301F-11D3-BF4B-00C04F79EFBC}") = "LogBenchmark", "LogBenchmark\LogBenchmark.csproj", "{A58A3F11-E46D-4440-B1C5-217E2906A76B}"
EndProject
Project("{FAE04EC0-301F-11D3-BF4B-00C04F79EFBC}") = "FieldLog.NET40", "FieldLog\FieldLog.NET40.csproj", "{5024F0F3-092C-414A-94C6-36764C4D42EA}"
	ProjectSection(ProjectDependencies) = postProject
		{42AA33E7-62BF-4EA8-BFA5-D712EA72709C} = {42AA33E7-62BF-4EA8-BFA5-D712EA72709C}
	EndProjectSection
EndProject
Project("{FAE04EC0-301F-11D3-BF4B-00C04F79EFBC}") = "FieldLog.ASPNET40", "FieldLog\FieldLog.ASPNET40.csproj", "{96E92847-D5F7-4552-83C6-36FEDD5CA895}"
EndProject
Project("{FAE04EC0-301F-11D3-BF4B-00C04F79EFBC}") = "PdbConvert", "PdbConvert\PdbConvert.csproj", "{42AA33E7-62BF-4EA8-BFA5-D712EA72709C}"
EndProject
Project("{FAE04EC0-301F-11D3-BF4B-00C04F79EFBC}") = "LogSubmit", "LogSubmit\LogSubmit.csproj", "{EC3D68E5-D0F1-469C-A9B2-3C872B6A5CAC}"
EndProject
Project("{FAE04EC0-301F-11D3-BF4B-00C04F79EFBC}") = "OSInfoTest", "OSInfoTest\OSInfoTest.csproj", "{02C462A5-E9BD-408A-91B2-78C5B1366592}"
EndProject
Global
	GlobalSection(SolutionConfigurationPlatforms) = preSolution
		Debug|Any CPU = Debug|Any CPU
		Debug|x86 = Debug|x86
		Release|Any CPU = Release|Any CPU
		Release|x86 = Release|x86
	EndGlobalSection
	GlobalSection(ProjectConfigurationPlatforms) = postSolution
		{9A83B21E-3BDB-4F7D-A6A1-E92C5F6A5530}.Debug|Any CPU.ActiveCfg = Debug|Any CPU
		{9A83B21E-3BDB-4F7D-A6A1-E92C5F6A5530}.Debug|Any CPU.Build.0 = Debug|Any CPU
		{9A83B21E-3BDB-4F7D-A6A1-E92C5F6A5530}.Debug|x86.ActiveCfg = Debug|x86
		{9A83B21E-3BDB-4F7D-A6A1-E92C5F6A5530}.Release|Any CPU.ActiveCfg = Release|Any CPU
		{9A83B21E-3BDB-4F7D-A6A1-E92C5F6A5530}.Release|Any CPU.Build.0 = Release|Any CPU
		{9A83B21E-3BDB-4F7D-A6A1-E92C5F6A5530}.Release|x86.ActiveCfg = Release|x86
		{1C7994D4-0E71-4EDE-8832-0FDB6FFFF7B7}.Debug|Any CPU.ActiveCfg = Debug|Any CPU
		{1C7994D4-0E71-4EDE-8832-0FDB6FFFF7B7}.Debug|Any CPU.Build.0 = Debug|Any CPU
		{1C7994D4-0E71-4EDE-8832-0FDB6FFFF7B7}.Debug|x86.ActiveCfg = Debug|x86
		{1C7994D4-0E71-4EDE-8832-0FDB6FFFF7B7}.Release|Any CPU.ActiveCfg = Release|Any CPU
		{1C7994D4-0E71-4EDE-8832-0FDB6FFFF7B7}.Release|Any CPU.Build.0 = Release|Any CPU
		{1C7994D4-0E71-4EDE-8832-0FDB6FFFF7B7}.Release|x86.ActiveCfg = Release|x86
		{8CDCB4AF-0D15-4E66-88E5-4A853954B661}.Debug|Any CPU.ActiveCfg = Debug|Any CPU
		{8CDCB4AF-0D15-4E66-88E5-4A853954B661}.Debug|Any CPU.Build.0 = Debug|Any CPU
		{8CDCB4AF-0D15-4E66-88E5-4A853954B661}.Debug|x86.ActiveCfg = Debug|x86
		{8CDCB4AF-0D15-4E66-88E5-4A853954B661}.Release|Any CPU.ActiveCfg = Release|Any CPU
		{8CDCB4AF-0D15-4E66-88E5-4A853954B661}.Release|Any CPU.Build.0 = Release|Any CPU
		{8CDCB4AF-0D15-4E66-88E5-4A853954B661}.Release|x86.ActiveCfg = Release|x86
		{5CF89D75-00AF-4ECA-BF49-69219330D933}.Debug|Any CPU.ActiveCfg = Debug|Any CPU
		{5CF89D75-00AF-4ECA-BF49-69219330D933}.Debug|x86.ActiveCfg = Debug|x86
		{5CF89D75-00AF-4ECA-BF49-69219330D933}.Release|Any CPU.ActiveCfg = Release|Any CPU
		{5CF89D75-00AF-4ECA-BF49-69219330D933}.Release|x86.ActiveCfg = Release|x86
		{A58A3F11-E46D-4440-B1C5-217E2906A76B}.Debug|Any CPU.ActiveCfg = Debug|Any CPU
		{A58A3F11-E46D-4440-B1C5-217E2906A76B}.Debug|x86.ActiveCfg = Debug|x86
		{A58A3F11-E46D-4440-B1C5-217E2906A76B}.Release|Any CPU.ActiveCfg = Release|Any CPU
		{A58A3F11-E46D-4440-B1C5-217E2906A76B}.Release|x86.ActiveCfg = Release|x86
		{5024F0F3-092C-414A-94C6-36764C4D42EA}.Debug|Any CPU.ActiveCfg = Debug|Any CPU
		{5024F0F3-092C-414A-94C6-36764C4D42EA}.Debug|Any CPU.Build.0 = Debug|Any CPU
		{5024F0F3-092C-414A-94C6-36764C4D42EA}.Debug|x86.ActiveCfg = Debug|x86
		{5024F0F3-092C-414A-94C6-36764C4D42EA}.Release|Any CPU.ActiveCfg = Release|Any CPU
		{5024F0F3-092C-414A-94C6-36764C4D42EA}.Release|Any CPU.Build.0 = Release|Any CPU
		{5024F0F3-092C-414A-94C6-36764C4D42EA}.Release|x86.ActiveCfg = Release|x86
		{96E92847-D5F7-4552-83C6-36FEDD5CA895}.Debug|Any CPU.ActiveCfg = Debug|Any CPU
		{96E92847-D5F7-4552-83C6-36FEDD5CA895}.Debug|Any CPU.Build.0 = Debug|Any CPU
		{96E92847-D5F7-4552-83C6-36FEDD5CA895}.Debug|x86.ActiveCfg = Debug|x86
		{96E92847-D5F7-4552-83C6-36FEDD5CA895}.Release|Any CPU.ActiveCfg = Release|Any CPU
		{96E92847-D5F7-4552-83C6-36FEDD5CA895}.Release|Any CPU.Build.0 = Release|Any CPU
		{96E92847-D5F7-4552-83C6-36FEDD5CA895}.Release|x86.ActiveCfg = Release|x86
		{42AA33E7-62BF-4EA8-BFA5-D712EA72709C}.Debug|Any CPU.ActiveCfg = Debug|Any CPU
		{42AA33E7-62BF-4EA8-BFA5-D712EA72709C}.Debug|Any CPU.Build.0 = Debug|Any CPU
		{42AA33E7-62BF-4EA8-BFA5-D712EA72709C}.Debug|x86.ActiveCfg = Debug|x86
		{42AA33E7-62BF-4EA8-BFA5-D712EA72709C}.Release|Any CPU.ActiveCfg = Release|Any CPU
		{42AA33E7-62BF-4EA8-BFA5-D712EA72709C}.Release|Any CPU.Build.0 = Release|Any CPU
		{42AA33E7-62BF-4EA8-BFA5-D712EA72709C}.Release|x86.ActiveCfg = Release|x86
		{EC3D68E5-D0F1-469C-A9B2-3C872B6A5CAC}.Debug|Any CPU.ActiveCfg = Debug|Any CPU
		{EC3D68E5-D0F1-469C-A9B2-3C872B6A5CAC}.Debug|Any CPU.Build.0 = Debug|Any CPU
		{EC3D68E5-D0F1-469C-A9B2-3C872B6A5CAC}.Debug|x86.ActiveCfg = Debug|x86
		{EC3D68E5-D0F1-469C-A9B2-3C872B6A5CAC}.Debug|x86.Build.0 = Debug|x86
		{EC3D68E5-D0F1-469C-A9B2-3C872B6A5CAC}.Release|Any CPU.ActiveCfg = Release|Any CPU
		{EC3D68E5-D0F1-469C-A9B2-3C872B6A5CAC}.Release|Any CPU.Build.0 = Release|Any CPU
		{EC3D68E5-D0F1-469C-A9B2-3C872B6A5CAC}.Release|x86.ActiveCfg = Release|x86
		{EC3D68E5-D0F1-469C-A9B2-3C872B6A5CAC}.Release|x86.Build.0 = Release|x86
		{02C462A5-E9BD-408A-91B2-78C5B1366592}.Debug|Any CPU.ActiveCfg = Debug|Any CPU
		{02C462A5-E9BD-408A-91B2-78C5B1366592}.Debug|Any CPU.Build.0 = Debug|Any CPU
		{02C462A5-E9BD-408A-91B2-78C5B1366592}.Debug|x86.ActiveCfg = Debug|Any CPU
		{02C462A5-E9BD-408A-91B2-78C5B1366592}.Release|Any CPU.ActiveCfg = Release|Any CPU
		{02C462A5-E9BD-408A-91B2-78C5B1366592}.Release|Any CPU.Build.0 = Release|Any CPU
		{02C462A5-E9BD-408A-91B2-78C5B1366592}.Release|x86.ActiveCfg = Release|Any CPU
	EndGlobalSection
	GlobalSection(SolutionProperties) = preSolution
		HideSolutionNode = FALSE
	EndGlobalSection
EndGlobal
